
Microsoft Visual Studio Solution File, Format Version 12.00
# Visual Studio Version 17
VisualStudioVersion = 17.9.34310.174
MinimumVisualStudioVersion = 10.0.40219.1
Project("{FAE04EC0-301F-11D3-BF4B-00C04F79EFBC}") = "MVCTraining", "MVCTraining\MVCTraining.csproj", "{837DD8CF-6A13-4DB1-815C-D98BE982E121}"
EndProject
Global
	GlobalSection(SolutionConfigurationPlatforms) = preSolution
		Debug|Any CPU = Debug|Any CPU
		Release|Any CPU = Release|Any CPU
	EndGlobalSection
	GlobalSection(ProjectConfigurationPlatforms) = postSolution
		{837DD8CF-6A13-4DB1-815C-D98BE982E121}.Debug|Any CPU.ActiveCfg = Debug|Any CPU
		{837DD8CF-6A13-4DB1-815C-D98BE982E121}.Debug|Any CPU.Build.0 = Debug|Any CPU
		{837DD8CF-6A13-4DB1-815C-D98BE982E121}.Release|Any CPU.ActiveCfg = Release|Any CPU
		{837DD8CF-6A13-4DB1-815C-D98BE982E121}.Release|Any CPU.Build.0 = Release|Any CPU
	EndGlobalSection
	GlobalSection(SolutionProperties) = preSolution
		HideSolutionNode = FALSE
	EndGlobalSection
	GlobalSection(ExtensibilityGlobals) = postSolution
		SolutionGuid = {B6C43E14-9FC3-4004-ABC9-8DBD9B8BAED1}
	EndGlobalSection
EndGlobal
